<?xml version="1.0" encoding="utf-8"?>
<Project ToolsVersion="4.0" xmlns="http://schemas.microsoft.com/developer/msbuild/2003">
  <ItemGroup>
    <Filter Include="Sources">
      <UniqueIdentifier>{f91c7994-0d8a-4dcd-9b83-d0621ad1c874}</UniqueIdentifier>
    </Filter>
    <Filter Include="Headers">
      <UniqueIdentifier>{d19364e1-4f91-4af2-a858-8f9291593ff4}</UniqueIdentifier>
    </Filter>
  </ItemGroup>
  <ItemGroup>
    <ClCompile Include="main.cpp">
      <Filter>Sources</Filter>
    </ClCompile>
    <ClCompile Include="DrawFunctions.cpp">
      <Filter>Sources</Filter>
    </ClCompile>
    <ClCompile Include="ImageLoaders.cpp">
      <Filter>Sources</Filter>
    </ClCompile>
    <ClCompile Include="TetrisPiece.cpp">
      <Filter>Sources</Filter>
    </ClCompile>
    <ClCompile Include="TetrisBlock.cpp">
      <Filter>Sources</Filter>
    </ClCompile>
    <ClCompile Include="Map.cpp">
      <Filter>Sources</Filter>
    </ClCompile>
    <ClCompile Include="GameState.cpp">
      <Filter>Sources</Filter>
    </ClCompile>
  </ItemGroup>
  <ItemGroup>
    <ClInclude Include="DrawFunctions.h">
      <Filter>Headers</Filter>
    </ClInclude>
    <ClInclude Include="ImageLoaders.h">
      <Filter>Headers</Filter>
    </ClInclude>
    <ClInclude Include="TetrisPiece.h">
      <Filter>Headers</Filter>
    </ClInclude>
    <ClInclude Include="TetrisBlock.h">
      <Filter>Headers</Filter>
    </ClInclude>
    <ClInclude Include="Defines.h">
      <Filter>Headers</Filter>
    </ClInclude>
    <ClInclude Include="Map.h">
      <Filter>Headers</Filter>
    </ClInclude>
    <ClInclude Include="GameState.h">
      <Filter>Headers</Filter>
    </ClInclude>
  </ItemGroup>
</Project>